
Microsoft Visual Studio Solution File, Format Version 12.00
# Visual Studio Version 17
VisualStudioVersion = 17.4.33205.214
MinimumVisualStudioVersion = 10.0.40219.1
Project("{FAE04EC0-301F-11D3-BF4B-00C04F79EFBC}") = "CommandPattern", "CommandPattern\CommandPattern.csproj", "{5ED0F340-2CEF-4FE8-A812-30BDA02E2686}"
EndProject
Project("{FAE04EC0-301F-11D3-BF4B-00C04F79EFBC}") = "Example", "Example\Example.csproj", "{96378316-1CC0-4866-940C-3ED8F7575588}"
EndProject
Global
	GlobalSection(SolutionConfigurationPlatforms) = preSolution
		Debug|Any CPU = Debug|Any CPU
		Debug|x64 = Debug|x64
		Debug|x86 = Debug|x86
		Release|Any CPU = Release|Any CPU
		Release|x64 = Release|x64
		Release|x86 = Release|x86
	EndGlobalSection
	GlobalSection(ProjectConfigurationPlatforms) = postSolution
		{5ED0F340-2CEF-4FE8-A812-30BDA02E2686}.Debug|Any CPU.ActiveCfg = Debug|Any CPU
		{5ED0F340-2CEF-4FE8-A812-30BDA02E2686}.Debug|Any CPU.Build.0 = Debug|Any CPU
		{5ED0F340-2CEF-4FE8-A812-30BDA02E2686}.Debug|x64.ActiveCfg = Debug|Any CPU
		{5ED0F340-2CEF-4FE8-A812-30BDA02E2686}.Debug|x64.Build.0 = Debug|Any CPU
		{5ED0F340-2CEF-4FE8-A812-30BDA02E2686}.Debug|x86.ActiveCfg = Debug|Any CPU
		{5ED0F340-2CEF-4FE8-A812-30BDA02E2686}.Debug|x86.Build.0 = Debug|Any CPU
		{5ED0F340-2CEF-4FE8-A812-30BDA02E2686}.Release|Any CPU.ActiveCfg = Release|Any CPU
		{5ED0F340-2CEF-4FE8-A812-30BDA02E2686}.Release|Any CPU.Build.0 = Release|Any CPU
		{5ED0F340-2CEF-4FE8-A812-30BDA02E2686}.Release|x64.ActiveCfg = Release|Any CPU
		{5ED0F340-2CEF-4FE8-A812-30BDA02E2686}.Release|x64.Build.0 = Release|Any CPU
		{5ED0F340-2CEF-4FE8-A812-30BDA02E2686}.Release|x86.ActiveCfg = Release|Any CPU
		{5ED0F340-2CEF-4FE8-A812-30BDA02E2686}.Release|x86.Build.0 = Release|Any CPU
		{96378316-1CC0-4866-940C-3ED8F7575588}.Debug|Any CPU.ActiveCfg = Debug|Any CPU
		{96378316-1CC0-4866-940C-3ED8F7575588}.Debug|Any CPU.Build.0 = Debug|Any CPU
		{96378316-1CC0-4866-940C-3ED8F7575588}.Debug|x64.ActiveCfg = Debug|Any CPU
		{96378316-1CC0-4866-940C-3ED8F7575588}.Debug|x64.Build.0 = Debug|Any CPU
		{96378316-1CC0-4866-940C-3ED8F7575588}.Debug|x86.ActiveCfg = Debug|Any CPU
		{96378316-1CC0-4866-940C-3ED8F7575588}.Debug|x86.Build.0 = Debug|Any CPU
		{96378316-1CC0-4866-940C-3ED8F7575588}.Release|Any CPU.ActiveCfg = Release|Any CPU
		{96378316-1CC0-4866-940C-3ED8F7575588}.Release|Any CPU.Build.0 = Release|Any CPU
		{96378316-1CC0-4866-940C-3ED8F7575588}.Release|x64.ActiveCfg = Release|Any CPU
		{96378316-1CC0-4866-940C-3ED8F7575588}.Release|x64.Build.0 = Release|Any CPU
		{96378316-1CC0-4866-940C-3ED8F7575588}.Release|x86.ActiveCfg = Release|Any CPU
		{96378316-1CC0-4866-940C-3ED8F7575588}.Release|x86.Build.0 = Release|Any CPU
	EndGlobalSection
	GlobalSection(SolutionProperties) = preSolution
		HideSolutionNode = FALSE
	EndGlobalSection
	GlobalSection(ExtensibilityGlobals) = postSolution
		SolutionGuid = {BCA9513E-8723-4936-8A19-D308F4256711}
	EndGlobalSection
EndGlobal
